
Microsoft Visual Studio Solution File, Format Version 12.00
# Visual Studio Version 17
VisualStudioVersion = 17.11.35312.102
MinimumVisualStudioVersion = 10.0.40219.1
Project("{2150E333-8FDC-42A3-9474-1A3956D46DE8}") = "Task0", "Task0", "{12461ACF-2D04-44AE-BA25-46048BEDE6B7}"
EndProject
Project("{9A19103F-16F7-4668-BE54-9A1E7A4F7556}") = "Tyuiu.BerezkinAA.Sprint1.Task0.V9.Lib", "Tyuiu.BerezkinAA.Sprint1.Task0.V9.Lib\Tyuiu.BerezkinAA.Sprint1.Task0.V9.Lib.csproj", "{6FD8A840-EAEB-4775-BAFD-6BD0BBB024D8}"
EndProject
Project("{9A19103F-16F7-4668-BE54-9A1E7A4F7556}") = "Tyuiu.BerezkinAA.Sprint1.Task0.V9.Test", "Tyuiu.BerezkinAA.Sprint1.Task0.V9.Test\Tyuiu.BerezkinAA.Sprint1.Task0.V9.Test.csproj", "{05A20EEE-4167-436C-9A00-E8290844D44B}"
EndProject
Project("{9A19103F-16F7-4668-BE54-9A1E7A4F7556}") = "Tyuiu.BerezkinAA.Sprint1.Task0.V9", "Tyuiu.BerezkinAA.Sprint1.Task0.V9\Tyuiu.BerezkinAA.Sprint1.Task0.V9.csproj", "{C39CF6D3-8ECE-4AE2-ADDF-0E5897283F37}"
EndProject
Project("{2150E333-8FDC-42A3-9474-1A3956D46DE8}") = "Task1", "Task1", "{F280EE0F-80BD-4B21-9702-FD8D6B2AA6C2}"
EndProject
Project("{9A19103F-16F7-4668-BE54-9A1E7A4F7556}") = "Tyuiu.BerezkinAA.Sprint1.Task1.V18", "Tyuiu.BerezkinAA.Sprint1.Task1.V18\Tyuiu.BerezkinAA.Sprint1.Task1.V18.csproj", "{641DA53C-5690-46ED-892A-2F5E257ACB31}"
EndProject
Project("{9A19103F-16F7-4668-BE54-9A1E7A4F7556}") = "Tyuiu.BerezkinAA.Sprint1.Task1.V18.Lib", "Tyuiu.BerezkinAA.Sprint1.Task1.V18.Lib\Tyuiu.BerezkinAA.Sprint1.Task1.V18.Lib.csproj", "{DD0A49F5-7F6A-4CF1-A453-F19A5C46AB8E}"
EndProject
Project("{9A19103F-16F7-4668-BE54-9A1E7A4F7556}") = "Tyuiu.BerezkinAA.Sprint1.Task1.V18.Test", "Tyuiu.BerezkinAA.Sprint1.Task1.V18.Test\Tyuiu.BerezkinAA.Sprint1.Task1.V18.Test.csproj", "{8E530649-6920-4FD4-B3F1-31B454ABB16D}"
EndProject
Project("{2150E333-8FDC-42A3-9474-1A3956D46DE8}") = "Task2", "Task2", "{64F77601-0509-4551-BBFE-76008BA1E5F2}"
EndProject
Project("{9A19103F-16F7-4668-BE54-9A1E7A4F7556}") = "Tyuiu.BerezkinAA.Sprint1.Task2.V3", "Tyuiu.BerezkinAA.Sprint1.Task2.V3\Tyuiu.BerezkinAA.Sprint1.Task2.V3.csproj", "{AA352837-6C44-4433-8373-AE1F3EC99481}"
EndProject
Project("{9A19103F-16F7-4668-BE54-9A1E7A4F7556}") = "Tyuiu.BerezkinAA.Sprint1.Task2.V3.Lib", "Tyuiu.BerezkinAA.Sprint1.Task2.V3.Lib\Tyuiu.BerezkinAA.Sprint1.Task2.V3.Lib.csproj", "{F994762D-B234-4A64-B7E0-B1EE8C7BFEE9}"
EndProject
Project("{9A19103F-16F7-4668-BE54-9A1E7A4F7556}") = "Tyuiu.BerezkinAA.Sprint1.Task2.V3.Test", "Tyuiu.BerezkinAA.Sprint1.Task2.V3.Test\Tyuiu.BerezkinAA.Sprint1.Task2.V3.Test.csproj", "{01D3BFEC-F4BC-4EA0-8194-3FD08EB3B77E}"
EndProject
Project("{2150E333-8FDC-42A3-9474-1A3956D46DE8}") = "Task3", "Task3", "{68717CDC-4D93-415D-B456-38FA7978C255}"
EndProject
Project("{9A19103F-16F7-4668-BE54-9A1E7A4F7556}") = "Tyuiu.BerezkinAA.Sprint1.Task3.V1.Test", "Tyuiu.BerezkinAA.Sprint1.Task3.V1.Test\Tyuiu.BerezkinAA.Sprint1.Task3.V1.Test.csproj", "{05D7A9B0-B8F5-4E1E-A3EB-D4564471E3F8}"
EndProject
Project("{9A19103F-16F7-4668-BE54-9A1E7A4F7556}") = "Tyuiu.BerezkinAA.Sprint1.Task3.V1.Lib", "Tyuiu.BerezkinAA.Sprint1.Task3.V1.Lib\Tyuiu.BerezkinAA.Sprint1.Task3.V1.Lib.csproj", "{F6686A4F-84DB-4AE1-B362-6269B95A3499}"
EndProject
Project("{9A19103F-16F7-4668-BE54-9A1E7A4F7556}") = "Tyuiu.BerezkinAA.Sprint1.Task3.V1", "Tyuiu.BerezkinAA.Sprint1.Task3.V1\Tyuiu.BerezkinAA.Sprint1.Task3.V1.csproj", "{583C7E35-8671-4EE0-9823-038BA35FD09D}"
EndProject
Project("{2150E333-8FDC-42A3-9474-1A3956D46DE8}") = "Task4", "Task4", "{1C0785E0-63F7-4F1A-B410-C42AF7E42DE3}"
EndProject
Project("{FAE04EC0-301F-11D3-BF4B-00C04F79EFBC}") = "Tyuiu.BerezkinAA.Sprint1.Task4.V1", "Tyuiu.BerezkinAA.Sprint1.Task4.V1\Tyuiu.BerezkinAA.Sprint1.Task4.V1.csproj", "{1C4929B2-56D0-41F4-A761-1B0AC71653EC}"
EndProject
Project("{FAE04EC0-301F-11D3-BF4B-00C04F79EFBC}") = "Tyuiu.BerezkinAA.Sprint1.Task4.V1.Test", "Tyuiu.BerezkinAA.Sprint1.Task4.V1.Test\Tyuiu.BerezkinAA.Sprint1.Task4.V1.Test.csproj", "{4202ACB4-9836-4CFB-BBE4-4D897DD0948D}"
EndProject
Project("{FAE04EC0-301F-11D3-BF4B-00C04F79EFBC}") = "Tyuiu.BerezkinAA.Sprint1.Task4.V1.Lib", "Tyuiu.BerezkinAA.Sprint1.Task4.V1.Lib\Tyuiu.BerezkinAA.Sprint1.Task4.V1.Lib.csproj", "{7077E09B-D0EB-4580-9F25-F869C38963B4}"
EndProject
Global
	GlobalSection(SolutionConfigurationPlatforms) = preSolution
		Debug|Any CPU = Debug|Any CPU
		Release|Any CPU = Release|Any CPU
	EndGlobalSection
	GlobalSection(ProjectConfigurationPlatforms) = postSolution
		{6FD8A840-EAEB-4775-BAFD-6BD0BBB024D8}.Debug|Any CPU.ActiveCfg = Debug|Any CPU
		{6FD8A840-EAEB-4775-BAFD-6BD0BBB024D8}.Debug|Any CPU.Build.0 = Debug|Any CPU
		{6FD8A840-EAEB-4775-BAFD-6BD0BBB024D8}.Release|Any CPU.ActiveCfg = Release|Any CPU
		{6FD8A840-EAEB-4775-BAFD-6BD0BBB024D8}.Release|Any CPU.Build.0 = Release|Any CPU
		{05A20EEE-4167-436C-9A00-E8290844D44B}.Debug|Any CPU.ActiveCfg = Debug|Any CPU
		{05A20EEE-4167-436C-9A00-E8290844D44B}.Debug|Any CPU.Build.0 = Debug|Any CPU
		{05A20EEE-4167-436C-9A00-E8290844D44B}.Release|Any CPU.ActiveCfg = Release|Any CPU
		{05A20EEE-4167-436C-9A00-E8290844D44B}.Release|Any CPU.Build.0 = Release|Any CPU
		{C39CF6D3-8ECE-4AE2-ADDF-0E5897283F37}.Debug|Any CPU.ActiveCfg = Debug|Any CPU
		{C39CF6D3-8ECE-4AE2-ADDF-0E5897283F37}.Debug|Any CPU.Build.0 = Debug|Any CPU
		{C39CF6D3-8ECE-4AE2-ADDF-0E5897283F37}.Release|Any CPU.ActiveCfg = Release|Any CPU
		{C39CF6D3-8ECE-4AE2-ADDF-0E5897283F37}.Release|Any CPU.Build.0 = Release|Any CPU
		{641DA53C-5690-46ED-892A-2F5E257ACB31}.Debug|Any CPU.ActiveCfg = Debug|Any CPU
		{641DA53C-5690-46ED-892A-2F5E257ACB31}.Debug|Any CPU.Build.0 = Debug|Any CPU
		{641DA53C-5690-46ED-892A-2F5E257ACB31}.Release|Any CPU.ActiveCfg = Release|Any CPU
		{641DA53C-5690-46ED-892A-2F5E257ACB31}.Release|Any CPU.Build.0 = Release|Any CPU
		{DD0A49F5-7F6A-4CF1-A453-F19A5C46AB8E}.Debug|Any CPU.ActiveCfg = Debug|Any CPU
		{DD0A49F5-7F6A-4CF1-A453-F19A5C46AB8E}.Debug|Any CPU.Build.0 = Debug|Any CPU
		{DD0A49F5-7F6A-4CF1-A453-F19A5C46AB8E}.Release|Any CPU.ActiveCfg = Release|Any CPU
		{DD0A49F5-7F6A-4CF1-A453-F19A5C46AB8E}.Release|Any CPU.Build.0 = Release|Any CPU
		{8E530649-6920-4FD4-B3F1-31B454ABB16D}.Debug|Any CPU.ActiveCfg = Debug|Any CPU
		{8E530649-6920-4FD4-B3F1-31B454ABB16D}.Debug|Any CPU.Build.0 = Debug|Any CPU
		{8E530649-6920-4FD4-B3F1-31B454ABB16D}.Release|Any CPU.ActiveCfg = Release|Any CPU
		{8E530649-6920-4FD4-B3F1-31B454ABB16D}.Release|Any CPU.Build.0 = Release|Any CPU
		{AA352837-6C44-4433-8373-AE1F3EC99481}.Debug|Any CPU.ActiveCfg = Debug|Any CPU
		{AA352837-6C44-4433-8373-AE1F3EC99481}.Debug|Any CPU.Build.0 = Debug|Any CPU
		{AA352837-6C44-4433-8373-AE1F3EC99481}.Release|Any CPU.ActiveCfg = Release|Any CPU
		{AA352837-6C44-4433-8373-AE1F3EC99481}.Release|Any CPU.Build.0 = Release|Any CPU
		{F994762D-B234-4A64-B7E0-B1EE8C7BFEE9}.Debug|Any CPU.ActiveCfg = Debug|Any CPU
		{F994762D-B234-4A64-B7E0-B1EE8C7BFEE9}.Debug|Any CPU.Build.0 = Debug|Any CPU
		{F994762D-B234-4A64-B7E0-B1EE8C7BFEE9}.Release|Any CPU.ActiveCfg = Release|Any CPU
		{F994762D-B234-4A64-B7E0-B1EE8C7BFEE9}.Release|Any CPU.Build.0 = Release|Any CPU
		{01D3BFEC-F4BC-4EA0-8194-3FD08EB3B77E}.Debug|Any CPU.ActiveCfg = Debug|Any CPU
		{01D3BFEC-F4BC-4EA0-8194-3FD08EB3B77E}.Debug|Any CPU.Build.0 = Debug|Any CPU
		{01D3BFEC-F4BC-4EA0-8194-3FD08EB3B77E}.Release|Any CPU.ActiveCfg = Release|Any CPU
		{01D3BFEC-F4BC-4EA0-8194-3FD08EB3B77E}.Release|Any CPU.Build.0 = Release|Any CPU
		{05D7A9B0-B8F5-4E1E-A3EB-D4564471E3F8}.Debug|Any CPU.ActiveCfg = Debug|Any CPU
		{05D7A9B0-B8F5-4E1E-A3EB-D4564471E3F8}.Debug|Any CPU.Build.0 = Debug|Any CPU
		{05D7A9B0-B8F5-4E1E-A3EB-D4564471E3F8}.Release|Any CPU.ActiveCfg = Release|Any CPU
		{05D7A9B0-B8F5-4E1E-A3EB-D4564471E3F8}.Release|Any CPU.Build.0 = Release|Any CPU
		{F6686A4F-84DB-4AE1-B362-6269B95A3499}.Debug|Any CPU.ActiveCfg = Debug|Any CPU
		{F6686A4F-84DB-4AE1-B362-6269B95A3499}.Debug|Any CPU.Build.0 = Debug|Any CPU
		{F6686A4F-84DB-4AE1-B362-6269B95A3499}.Release|Any CPU.ActiveCfg = Release|Any CPU
		{F6686A4F-84DB-4AE1-B362-6269B95A3499}.Release|Any CPU.Build.0 = Release|Any CPU
		{583C7E35-8671-4EE0-9823-038BA35FD09D}.Debug|Any CPU.ActiveCfg = Debug|Any CPU
		{583C7E35-8671-4EE0-9823-038BA35FD09D}.Debug|Any CPU.Build.0 = Debug|Any CPU
		{583C7E35-8671-4EE0-9823-038BA35FD09D}.Release|Any CPU.ActiveCfg = Release|Any CPU
		{583C7E35-8671-4EE0-9823-038BA35FD09D}.Release|Any CPU.Build.0 = Release|Any CPU
		{1C4929B2-56D0-41F4-A761-1B0AC71653EC}.Debug|Any CPU.ActiveCfg = Debug|Any CPU
		{1C4929B2-56D0-41F4-A761-1B0AC71653EC}.Debug|Any CPU.Build.0 = Debug|Any CPU
		{1C4929B2-56D0-41F4-A761-1B0AC71653EC}.Release|Any CPU.ActiveCfg = Release|Any CPU
		{1C4929B2-56D0-41F4-A761-1B0AC71653EC}.Release|Any CPU.Build.0 = Release|Any CPU
		{4202ACB4-9836-4CFB-BBE4-4D897DD0948D}.Debug|Any CPU.ActiveCfg = Debug|Any CPU
		{4202ACB4-9836-4CFB-BBE4-4D897DD0948D}.Debug|Any CPU.Build.0 = Debug|Any CPU
		{4202ACB4-9836-4CFB-BBE4-4D897DD0948D}.Release|Any CPU.ActiveCfg = Release|Any CPU
		{4202ACB4-9836-4CFB-BBE4-4D897DD0948D}.Release|Any CPU.Build.0 = Release|Any CPU
		{7077E09B-D0EB-4580-9F25-F869C38963B4}.Debug|Any CPU.ActiveCfg = Debug|Any CPU
		{7077E09B-D0EB-4580-9F25-F869C38963B4}.Debug|Any CPU.Build.0 = Debug|Any CPU
		{7077E09B-D0EB-4580-9F25-F869C38963B4}.Release|Any CPU.ActiveCfg = Release|Any CPU
		{7077E09B-D0EB-4580-9F25-F869C38963B4}.Release|Any CPU.Build.0 = Release|Any CPU
	EndGlobalSection
	GlobalSection(SolutionProperties) = preSolution
		HideSolutionNode = FALSE
	EndGlobalSection
	GlobalSection(NestedProjects) = preSolution
		{6FD8A840-EAEB-4775-BAFD-6BD0BBB024D8} = {12461ACF-2D04-44AE-BA25-46048BEDE6B7}
		{05A20EEE-4167-436C-9A00-E8290844D44B} = {12461ACF-2D04-44AE-BA25-46048BEDE6B7}
		{C39CF6D3-8ECE-4AE2-ADDF-0E5897283F37} = {12461ACF-2D04-44AE-BA25-46048BEDE6B7}
		{641DA53C-5690-46ED-892A-2F5E257ACB31} = {F280EE0F-80BD-4B21-9702-FD8D6B2AA6C2}
		{DD0A49F5-7F6A-4CF1-A453-F19A5C46AB8E} = {F280EE0F-80BD-4B21-9702-FD8D6B2AA6C2}
		{8E530649-6920-4FD4-B3F1-31B454ABB16D} = {F280EE0F-80BD-4B21-9702-FD8D6B2AA6C2}
		{AA352837-6C44-4433-8373-AE1F3EC99481} = {64F77601-0509-4551-BBFE-76008BA1E5F2}
		{F994762D-B234-4A64-B7E0-B1EE8C7BFEE9} = {64F77601-0509-4551-BBFE-76008BA1E5F2}
		{01D3BFEC-F4BC-4EA0-8194-3FD08EB3B77E} = {64F77601-0509-4551-BBFE-76008BA1E5F2}
		{05D7A9B0-B8F5-4E1E-A3EB-D4564471E3F8} = {68717CDC-4D93-415D-B456-38FA7978C255}
		{F6686A4F-84DB-4AE1-B362-6269B95A3499} = {68717CDC-4D93-415D-B456-38FA7978C255}
		{583C7E35-8671-4EE0-9823-038BA35FD09D} = {68717CDC-4D93-415D-B456-38FA7978C255}
		{1C4929B2-56D0-41F4-A761-1B0AC71653EC} = {1C0785E0-63F7-4F1A-B410-C42AF7E42DE3}
		{4202ACB4-9836-4CFB-BBE4-4D897DD0948D} = {1C0785E0-63F7-4F1A-B410-C42AF7E42DE3}
		{7077E09B-D0EB-4580-9F25-F869C38963B4} = {1C0785E0-63F7-4F1A-B410-C42AF7E42DE3}
	EndGlobalSection
	GlobalSection(ExtensibilityGlobals) = postSolution
		SolutionGuid = {938E4835-CAF6-4A21-8795-AC80BD4A8290}
	EndGlobalSection
EndGlobal
