
Microsoft Visual Studio Solution File, Format Version 12.00
# Visual Studio Version 17
VisualStudioVersion = 17.11.35312.102
MinimumVisualStudioVersion = 10.0.40219.1
Project("{2150E333-8FDC-42A3-9474-1A3956D46DE8}") = "Task0", "Task0", "{12461ACF-2D04-44AE-BA25-46048BEDE6B7}"
EndProject
Project("{FAE04EC0-301F-11D3-BF4B-00C04F79EFBC}") = "Tyuiu.BerezkinAA.Sprint1.Task0.V9.Lib", "Tyuiu.BerezkinAA.Sprint1.Task0.V9.Lib\Tyuiu.BerezkinAA.Sprint1.Task0.V9.Lib.csproj", "{6FD8A840-EAEB-4775-BAFD-6BD0BBB024D8}"
EndProject
Project("{FAE04EC0-301F-11D3-BF4B-00C04F79EFBC}") = "Tyuiu.BerezkinAA.Sprint1.Task0.V9.Test", "Tyuiu.BerezkinAA.Sprint1.Task0.V9.Test\Tyuiu.BerezkinAA.Sprint1.Task0.V9.Test.csproj", "{05A20EEE-4167-436C-9A00-E8290844D44B}"
EndProject
Project("{FAE04EC0-301F-11D3-BF4B-00C04F79EFBC}") = "Tyuiu.BerezkinAA.Sprint1.Task0.V9", "Tyuiu.BerezkinAA.Sprint1.Task0.V9\Tyuiu.BerezkinAA.Sprint1.Task0.V9.csproj", "{C39CF6D3-8ECE-4AE2-ADDF-0E5897283F37}"
EndProject
Global
	GlobalSection(SolutionConfigurationPlatforms) = preSolution
		Debug|Any CPU = Debug|Any CPU
		Release|Any CPU = Release|Any CPU
	EndGlobalSection
	GlobalSection(ProjectConfigurationPlatforms) = postSolution
		{6FD8A840-EAEB-4775-BAFD-6BD0BBB024D8}.Debug|Any CPU.ActiveCfg = Debug|Any CPU
		{6FD8A840-EAEB-4775-BAFD-6BD0BBB024D8}.Debug|Any CPU.Build.0 = Debug|Any CPU
		{6FD8A840-EAEB-4775-BAFD-6BD0BBB024D8}.Release|Any CPU.ActiveCfg = Release|Any CPU
		{6FD8A840-EAEB-4775-BAFD-6BD0BBB024D8}.Release|Any CPU.Build.0 = Release|Any CPU
		{05A20EEE-4167-436C-9A00-E8290844D44B}.Debug|Any CPU.ActiveCfg = Debug|Any CPU
		{05A20EEE-4167-436C-9A00-E8290844D44B}.Debug|Any CPU.Build.0 = Debug|Any CPU
		{05A20EEE-4167-436C-9A00-E8290844D44B}.Release|Any CPU.ActiveCfg = Release|Any CPU
		{05A20EEE-4167-436C-9A00-E8290844D44B}.Release|Any CPU.Build.0 = Release|Any CPU
		{C39CF6D3-8ECE-4AE2-ADDF-0E5897283F37}.Debug|Any CPU.ActiveCfg = Debug|Any CPU
		{C39CF6D3-8ECE-4AE2-ADDF-0E5897283F37}.Debug|Any CPU.Build.0 = Debug|Any CPU
		{C39CF6D3-8ECE-4AE2-ADDF-0E5897283F37}.Release|Any CPU.ActiveCfg = Release|Any CPU
		{C39CF6D3-8ECE-4AE2-ADDF-0E5897283F37}.Release|Any CPU.Build.0 = Release|Any CPU
	EndGlobalSection
	GlobalSection(SolutionProperties) = preSolution
		HideSolutionNode = FALSE
	EndGlobalSection
	GlobalSection(NestedProjects) = preSolution
		{6FD8A840-EAEB-4775-BAFD-6BD0BBB024D8} = {12461ACF-2D04-44AE-BA25-46048BEDE6B7}
		{05A20EEE-4167-436C-9A00-E8290844D44B} = {12461ACF-2D04-44AE-BA25-46048BEDE6B7}
		{C39CF6D3-8ECE-4AE2-ADDF-0E5897283F37} = {12461ACF-2D04-44AE-BA25-46048BEDE6B7}
	EndGlobalSection
	GlobalSection(ExtensibilityGlobals) = postSolution
		SolutionGuid = {938E4835-CAF6-4A21-8795-AC80BD4A8290}
	EndGlobalSection
EndGlobal
